// !$*UTF8*$!
{
	archiveVersion = 1;
	classes = {
	};
	objectVersion = 46;
	objects = {

/* Begin PBXBuildFile section */
		6742310372BA213BDD780B2B /* Pods_DrugPlannerUITests.framework in Frameworks */ = {isa = PBXBuildFile; fileRef = B39F3B70FE7DDC2C0F299B1F /* Pods_DrugPlannerUITests.framework */; };
		7F73776B4E178FA0C07D1C7D /* Pods_DrugPlanner.framework in Frameworks */ = {isa = PBXBuildFile; fileRef = 6239CF361B80DB6CA7CCE126 /* Pods_DrugPlanner.framework */; };
		843023211F18057500BC9EED /* Inventory.swift in Sources */ = {isa = PBXBuildFile; fileRef = 843023201F18057500BC9EED /* Inventory.swift */; };
		843D8E891F1E7E5F00EDE32F /* AgendaInventoryListener.swift in Sources */ = {isa = PBXBuildFile; fileRef = 843D8E881F1E7E5F00EDE32F /* AgendaInventoryListener.swift */; };
		844DAACE1F19616D008CC4EF /* DateExtension.swift in Sources */ = {isa = PBXBuildFile; fileRef = 844DAACD1F19616D008CC4EF /* DateExtension.swift */; };
		848315811F212F5A001D7E9F /* UserNotifications.swift in Sources */ = {isa = PBXBuildFile; fileRef = 848315801F212F5A001D7E9F /* UserNotifications.swift */; };
		848315831F212FC4001D7E9F /* NotificationStrings.swift in Sources */ = {isa = PBXBuildFile; fileRef = 848315821F212FC4001D7E9F /* NotificationStrings.swift */; };
		849D02721ED6430F0093CA15 /* Main.storyboard in Resources */ = {isa = PBXBuildFile; fileRef = 849D02711ED6430F0093CA15 /* Main.storyboard */; };
		849F65EA1F1AD3F0005E150D /* InventoryStrings.swift in Sources */ = {isa = PBXBuildFile; fileRef = 849F65E91F1AD3F0005E150D /* InventoryStrings.swift */; };
		849F65EC1F1B7C07005E150D /* Agenda.swift in Sources */ = {isa = PBXBuildFile; fileRef = 849F65EB1F1B7C07005E150D /* Agenda.swift */; };
		849F65EE1F1B8627005E150D /* AgendaStrings.swift in Sources */ = {isa = PBXBuildFile; fileRef = 849F65ED1F1B8627005E150D /* AgendaStrings.swift */; };
		84A0D46E1F1640ED00572F43 /* AgendaItem.swift in Sources */ = {isa = PBXBuildFile; fileRef = 84A0D46D1F1640ED00572F43 /* AgendaItem.swift */; };
		84A3AE781F162E8C0098D918 /* ChooseDrugTableViewController.swift in Sources */ = {isa = PBXBuildFile; fileRef = 84A3AE771F162E8C0098D918 /* ChooseDrugTableViewController.swift */; };
		84B9E4A91EDED3940070BB7D /* GoogleService-Info.plist in Resources */ = {isa = PBXBuildFile; fileRef = 84B9E4A81EDED3940070BB7D /* GoogleService-Info.plist */; };
		84B9E4AD1EE7FBC80070BB7D /* AgendaViewController.swift in Sources */ = {isa = PBXBuildFile; fileRef = 84B9E4AC1EE7FBC80070BB7D /* AgendaViewController.swift */; };
		84B9E4AF1EE7FC280070BB7D /* MainViewController.swift in Sources */ = {isa = PBXBuildFile; fileRef = 84B9E4AE1EE7FC280070BB7D /* MainViewController.swift */; };
		84B9E4B11EE7FC5D0070BB7D /* InventoryViewController.swift in Sources */ = {isa = PBXBuildFile; fileRef = 84B9E4B01EE7FC5D0070BB7D /* InventoryViewController.swift */; };
		84B9E4B31EE7FC880070BB7D /* HistoryViewController.swift in Sources */ = {isa = PBXBuildFile; fileRef = 84B9E4B21EE7FC880070BB7D /* HistoryViewController.swift */; };
		84B9E4B81EE7FFDA0070BB7D /* AgendaTableViewCell.swift in Sources */ = {isa = PBXBuildFile; fileRef = 84B9E4B71EE7FFDA0070BB7D /* AgendaTableViewCell.swift */; };
		84D60AFC1F0CE34200D9D3F1 /* CreateAgendaItemTableViewController.swift in Sources */ = {isa = PBXBuildFile; fileRef = 84D60AFB1F0CE34200D9D3F1 /* CreateAgendaItemTableViewController.swift */; };
		84DE1F3A1F162B3E00948878 /* ChooseDays.swift in Sources */ = {isa = PBXBuildFile; fileRef = 84DE1F391F162B3E00948878 /* ChooseDays.swift */; };
		84E4291C1F21E9CD0096E665 /* Events.swift in Sources */ = {isa = PBXBuildFile; fileRef = 84E4291B1F21E9CD0096E665 /* Events.swift */; };
		84E4291E1F21EBF30096E665 /* EventItem.swift in Sources */ = {isa = PBXBuildFile; fileRef = 84E4291D1F21EBF30096E665 /* EventItem.swift */; };
		84F63A6D1F1768CA004F4C09 /* Repository.swift in Sources */ = {isa = PBXBuildFile; fileRef = 84F63A6C1F1768CA004F4C09 /* Repository.swift */; };
		84F63A701F17709B004F4C09 /* LoginStrings.swift in Sources */ = {isa = PBXBuildFile; fileRef = 84F63A6F1F17709B004F4C09 /* LoginStrings.swift */; };
		84F63A721F177BC2004F4C09 /* User.swift in Sources */ = {isa = PBXBuildFile; fileRef = 84F63A711F177BC2004F4C09 /* User.swift */; };
		E7F5438527B59468692A44BD /* Pods_DrugPlannerTests.framework in Frameworks */ = {isa = PBXBuildFile; fileRef = 9EBD4FD25B3CA40A5D1551B1 /* Pods_DrugPlannerTests.framework */; };
		F001E44A1F03C980005DACF4 /* InventoryDetailTableViewController.swift in Sources */ = {isa = PBXBuildFile; fileRef = F001E4491F03C980005DACF4 /* InventoryDetailTableViewController.swift */; };
		F04907BE1EF8F6D5001852D0 /* HistoryHeaderTableViewCell.swift in Sources */ = {isa = PBXBuildFile; fileRef = F04907BD1EF8F6D5001852D0 /* HistoryHeaderTableViewCell.swift */; };
		F04907C01EF8F6ED001852D0 /* HistoryContentTableViewCell.swift in Sources */ = {isa = PBXBuildFile; fileRef = F04907BF1EF8F6ED001852D0 /* HistoryContentTableViewCell.swift */; };
		F04907C21EF9084F001852D0 /* CreateInventoryItemTableViewController.swift in Sources */ = {isa = PBXBuildFile; fileRef = F04907C11EF9084F001852D0 /* CreateInventoryItemTableViewController.swift */; };
		F04907C41EF90949001852D0 /* InventoryItem.swift in Sources */ = {isa = PBXBuildFile; fileRef = F04907C31EF90949001852D0 /* InventoryItem.swift */; };
		F04907CA1EFA6F2F001852D0 /* ChooseTypeTableViewController.swift in Sources */ = {isa = PBXBuildFile; fileRef = F04907C91EFA6F2F001852D0 /* ChooseTypeTableViewController.swift */; };
		F0CC68641F21160100AF2BF4 /* DetailPhotoViewController.swift in Sources */ = {isa = PBXBuildFile; fileRef = F0CC68631F21160100AF2BF4 /* DetailPhotoViewController.swift */; };
		F316749F1EE7FBF800355FFD /* .gitignore in Resources */ = {isa = PBXBuildFile; fileRef = F316749E1EE7FBF800355FFD /* .gitignore */; };
		F31674A41EE98C4100355FFD /* LoginViewController.swift in Sources */ = {isa = PBXBuildFile; fileRef = F31674A31EE98C4100355FFD /* LoginViewController.swift */; };
		F31674A61EE98C9400355FFD /* Login.storyboard in Resources */ = {isa = PBXBuildFile; fileRef = F31674A51EE98C9400355FFD /* Login.storyboard */; };
		F31674AA1EEBEA1E00355FFD /* RegisterViewController.swift in Sources */ = {isa = PBXBuildFile; fileRef = F31674A91EEBEA1E00355FFD /* RegisterViewController.swift */; };
		F321162C1F1B76D40052414A /* InventoryEditController.swift in Sources */ = {isa = PBXBuildFile; fileRef = F321162B1F1B76D40052414A /* InventoryEditController.swift */; };
		F332EF201EF16C360040714C /* InventoryTableViewCell.swift in Sources */ = {isa = PBXBuildFile; fileRef = F332EF1F1EF16C360040714C /* InventoryTableViewCell.swift */; };
		F33E087F1EFA851000CAF516 /* SettingsViewController.swift in Sources */ = {isa = PBXBuildFile; fileRef = F33E087E1EFA851000CAF516 /* SettingsViewController.swift */; };
		F340908E1ED5FB7D00548661 /* AppDelegate.swift in Sources */ = {isa = PBXBuildFile; fileRef = F340908D1ED5FB7D00548661 /* AppDelegate.swift */; };
		F34090951ED5FB7D00548661 /* Assets.xcassets in Resources */ = {isa = PBXBuildFile; fileRef = F34090941ED5FB7D00548661 /* Assets.xcassets */; };
/* End PBXBuildFile section */

/* Begin PBXContainerItemProxy section */
		F340909F1ED5FB7D00548661 /* PBXContainerItemProxy */ = {
			isa = PBXContainerItemProxy;
			containerPortal = F34090821ED5FB7D00548661 /* Project object */;
			proxyType = 1;
			remoteGlobalIDString = F34090891ED5FB7D00548661;
			remoteInfo = DrugPlanner;
		};
		F34090AA1ED5FB7D00548661 /* PBXContainerItemProxy */ = {
			isa = PBXContainerItemProxy;
			containerPortal = F34090821ED5FB7D00548661 /* Project object */;
			proxyType = 1;
			remoteGlobalIDString = F34090891ED5FB7D00548661;
			remoteInfo = DrugPlanner;
		};
/* End PBXContainerItemProxy section */

/* Begin PBXFileReference section */
		0086F8ADEB7C6C616D1C4FDA /* Pods-DrugPlannerTests.release.xcconfig */ = {isa = PBXFileReference; includeInIndex = 1; lastKnownFileType = text.xcconfig; name = "Pods-DrugPlannerTests.release.xcconfig"; path = "Pods/Target Support Files/Pods-DrugPlannerTests/Pods-DrugPlannerTests.release.xcconfig"; sourceTree = "<group>"; };
		0B68DA9E6BCE96DC5AF3AD15 /* Pods-DrugPlannerTests.debug.xcconfig */ = {isa = PBXFileReference; includeInIndex = 1; lastKnownFileType = text.xcconfig; name = "Pods-DrugPlannerTests.debug.xcconfig"; path = "Pods/Target Support Files/Pods-DrugPlannerTests/Pods-DrugPlannerTests.debug.xcconfig"; sourceTree = "<group>"; };
		2A4DD3D20A90B65201C53441 /* Pods-DrugPlannerUITests.release.xcconfig */ = {isa = PBXFileReference; includeInIndex = 1; lastKnownFileType = text.xcconfig; name = "Pods-DrugPlannerUITests.release.xcconfig"; path = "Pods/Target Support Files/Pods-DrugPlannerUITests/Pods-DrugPlannerUITests.release.xcconfig"; sourceTree = "<group>"; };
		3C9A457204B3CD450D32B3B6 /* Pods-DrugPlanner.debug.xcconfig */ = {isa = PBXFileReference; includeInIndex = 1; lastKnownFileType = text.xcconfig; name = "Pods-DrugPlanner.debug.xcconfig"; path = "Pods/Target Support Files/Pods-DrugPlanner/Pods-DrugPlanner.debug.xcconfig"; sourceTree = "<group>"; };
		6239CF361B80DB6CA7CCE126 /* Pods_DrugPlanner.framework */ = {isa = PBXFileReference; explicitFileType = wrapper.framework; includeInIndex = 0; path = Pods_DrugPlanner.framework; sourceTree = BUILT_PRODUCTS_DIR; };
		843023201F18057500BC9EED /* Inventory.swift */ = {isa = PBXFileReference; fileEncoding = 4; lastKnownFileType = sourcecode.swift; path = Inventory.swift; sourceTree = "<group>"; };
		843D8E881F1E7E5F00EDE32F /* AgendaInventoryListener.swift */ = {isa = PBXFileReference; fileEncoding = 4; lastKnownFileType = sourcecode.swift; path = AgendaInventoryListener.swift; sourceTree = "<group>"; };
		844DAACD1F19616D008CC4EF /* DateExtension.swift */ = {isa = PBXFileReference; fileEncoding = 4; lastKnownFileType = sourcecode.swift; path = DateExtension.swift; sourceTree = "<group>"; };
		848315801F212F5A001D7E9F /* UserNotifications.swift */ = {isa = PBXFileReference; fileEncoding = 4; lastKnownFileType = sourcecode.swift; path = UserNotifications.swift; sourceTree = "<group>"; };
		848315821F212FC4001D7E9F /* NotificationStrings.swift */ = {isa = PBXFileReference; fileEncoding = 4; lastKnownFileType = sourcecode.swift; path = NotificationStrings.swift; sourceTree = "<group>"; };
		849D02711ED6430F0093CA15 /* Main.storyboard */ = {isa = PBXFileReference; fileEncoding = 4; lastKnownFileType = file.storyboard; path = Main.storyboard; sourceTree = "<group>"; };
		849F65E91F1AD3F0005E150D /* InventoryStrings.swift */ = {isa = PBXFileReference; fileEncoding = 4; lastKnownFileType = sourcecode.swift; path = InventoryStrings.swift; sourceTree = "<group>"; };
		849F65EB1F1B7C07005E150D /* Agenda.swift */ = {isa = PBXFileReference; fileEncoding = 4; lastKnownFileType = sourcecode.swift; path = Agenda.swift; sourceTree = "<group>"; };
		849F65ED1F1B8627005E150D /* AgendaStrings.swift */ = {isa = PBXFileReference; fileEncoding = 4; lastKnownFileType = sourcecode.swift; path = AgendaStrings.swift; sourceTree = "<group>"; };
		84A0D46D1F1640ED00572F43 /* AgendaItem.swift */ = {isa = PBXFileReference; fileEncoding = 4; lastKnownFileType = sourcecode.swift; path = AgendaItem.swift; sourceTree = "<group>"; };
		84A3AE771F162E8C0098D918 /* ChooseDrugTableViewController.swift */ = {isa = PBXFileReference; fileEncoding = 4; lastKnownFileType = sourcecode.swift; path = ChooseDrugTableViewController.swift; sourceTree = "<group>"; };
		84B9E4A81EDED3940070BB7D /* GoogleService-Info.plist */ = {isa = PBXFileReference; fileEncoding = 4; lastKnownFileType = text.plist.xml; path = "GoogleService-Info.plist"; sourceTree = "<group>"; };
		84B9E4AC1EE7FBC80070BB7D /* AgendaViewController.swift */ = {isa = PBXFileReference; fileEncoding = 4; lastKnownFileType = sourcecode.swift; path = AgendaViewController.swift; sourceTree = "<group>"; };
		84B9E4AE1EE7FC280070BB7D /* MainViewController.swift */ = {isa = PBXFileReference; fileEncoding = 4; lastKnownFileType = sourcecode.swift; path = MainViewController.swift; sourceTree = "<group>"; };
		84B9E4B01EE7FC5D0070BB7D /* InventoryViewController.swift */ = {isa = PBXFileReference; fileEncoding = 4; lastKnownFileType = sourcecode.swift; path = InventoryViewController.swift; sourceTree = "<group>"; };
		84B9E4B21EE7FC880070BB7D /* HistoryViewController.swift */ = {isa = PBXFileReference; fileEncoding = 4; lastKnownFileType = sourcecode.swift; path = HistoryViewController.swift; sourceTree = "<group>"; };
		84B9E4B71EE7FFDA0070BB7D /* AgendaTableViewCell.swift */ = {isa = PBXFileReference; fileEncoding = 4; lastKnownFileType = sourcecode.swift; path = AgendaTableViewCell.swift; sourceTree = "<group>"; };
		84D60AFB1F0CE34200D9D3F1 /* CreateAgendaItemTableViewController.swift */ = {isa = PBXFileReference; fileEncoding = 4; lastKnownFileType = sourcecode.swift; path = CreateAgendaItemTableViewController.swift; sourceTree = "<group>"; };
		84DE1F391F162B3E00948878 /* ChooseDays.swift */ = {isa = PBXFileReference; fileEncoding = 4; lastKnownFileType = sourcecode.swift; path = ChooseDays.swift; sourceTree = "<group>"; };
		84E4291B1F21E9CD0096E665 /* Events.swift */ = {isa = PBXFileReference; fileEncoding = 4; lastKnownFileType = sourcecode.swift; path = Events.swift; sourceTree = "<group>"; };
		84E4291D1F21EBF30096E665 /* EventItem.swift */ = {isa = PBXFileReference; fileEncoding = 4; lastKnownFileType = sourcecode.swift; path = EventItem.swift; sourceTree = "<group>"; };
		84F63A6C1F1768CA004F4C09 /* Repository.swift */ = {isa = PBXFileReference; fileEncoding = 4; lastKnownFileType = sourcecode.swift; path = Repository.swift; sourceTree = "<group>"; };
		84F63A6F1F17709B004F4C09 /* LoginStrings.swift */ = {isa = PBXFileReference; fileEncoding = 4; lastKnownFileType = sourcecode.swift; path = LoginStrings.swift; sourceTree = "<group>"; };
		84F63A711F177BC2004F4C09 /* User.swift */ = {isa = PBXFileReference; fileEncoding = 4; lastKnownFileType = sourcecode.swift; path = User.swift; sourceTree = "<group>"; };
		9EBD4FD25B3CA40A5D1551B1 /* Pods_DrugPlannerTests.framework */ = {isa = PBXFileReference; explicitFileType = wrapper.framework; includeInIndex = 0; path = Pods_DrugPlannerTests.framework; sourceTree = BUILT_PRODUCTS_DIR; };
		B39F3B70FE7DDC2C0F299B1F /* Pods_DrugPlannerUITests.framework */ = {isa = PBXFileReference; explicitFileType = wrapper.framework; includeInIndex = 0; path = Pods_DrugPlannerUITests.framework; sourceTree = BUILT_PRODUCTS_DIR; };
		C6DBAEFE5AAB9A0B959F4BFB /* Pods-DrugPlanner.release.xcconfig */ = {isa = PBXFileReference; includeInIndex = 1; lastKnownFileType = text.xcconfig; name = "Pods-DrugPlanner.release.xcconfig"; path = "Pods/Target Support Files/Pods-DrugPlanner/Pods-DrugPlanner.release.xcconfig"; sourceTree = "<group>"; };
		D0F67A4B79DBDC7A78589EF6 /* Pods-DrugPlannerUITests.debug.xcconfig */ = {isa = PBXFileReference; includeInIndex = 1; lastKnownFileType = text.xcconfig; name = "Pods-DrugPlannerUITests.debug.xcconfig"; path = "Pods/Target Support Files/Pods-DrugPlannerUITests/Pods-DrugPlannerUITests.debug.xcconfig"; sourceTree = "<group>"; };
		F001E4491F03C980005DACF4 /* InventoryDetailTableViewController.swift */ = {isa = PBXFileReference; fileEncoding = 4; lastKnownFileType = sourcecode.swift; path = InventoryDetailTableViewController.swift; sourceTree = "<group>"; };
		F04907BD1EF8F6D5001852D0 /* HistoryHeaderTableViewCell.swift */ = {isa = PBXFileReference; fileEncoding = 4; lastKnownFileType = sourcecode.swift; path = HistoryHeaderTableViewCell.swift; sourceTree = "<group>"; };
		F04907BF1EF8F6ED001852D0 /* HistoryContentTableViewCell.swift */ = {isa = PBXFileReference; fileEncoding = 4; lastKnownFileType = sourcecode.swift; path = HistoryContentTableViewCell.swift; sourceTree = "<group>"; };
		F04907C11EF9084F001852D0 /* CreateInventoryItemTableViewController.swift */ = {isa = PBXFileReference; fileEncoding = 4; lastKnownFileType = sourcecode.swift; path = CreateInventoryItemTableViewController.swift; sourceTree = "<group>"; };
		F04907C31EF90949001852D0 /* InventoryItem.swift */ = {isa = PBXFileReference; fileEncoding = 4; lastKnownFileType = sourcecode.swift; path = InventoryItem.swift; sourceTree = "<group>"; };
		F04907C91EFA6F2F001852D0 /* ChooseTypeTableViewController.swift */ = {isa = PBXFileReference; fileEncoding = 4; lastKnownFileType = sourcecode.swift; path = ChooseTypeTableViewController.swift; sourceTree = "<group>"; };
		F0CC68631F21160100AF2BF4 /* DetailPhotoViewController.swift */ = {isa = PBXFileReference; fileEncoding = 4; lastKnownFileType = sourcecode.swift; path = DetailPhotoViewController.swift; sourceTree = "<group>"; };
		F316749E1EE7FBF800355FFD /* .gitignore */ = {isa = PBXFileReference; fileEncoding = 4; lastKnownFileType = text; path = .gitignore; sourceTree = "<group>"; };
		F31674A31EE98C4100355FFD /* LoginViewController.swift */ = {isa = PBXFileReference; fileEncoding = 4; lastKnownFileType = sourcecode.swift; path = LoginViewController.swift; sourceTree = "<group>"; };
		F31674A51EE98C9400355FFD /* Login.storyboard */ = {isa = PBXFileReference; fileEncoding = 4; lastKnownFileType = file.storyboard; path = Login.storyboard; sourceTree = "<group>"; };
		F31674A91EEBEA1E00355FFD /* RegisterViewController.swift */ = {isa = PBXFileReference; fileEncoding = 4; lastKnownFileType = sourcecode.swift; path = RegisterViewController.swift; sourceTree = "<group>"; };
		F321162B1F1B76D40052414A /* InventoryEditController.swift */ = {isa = PBXFileReference; fileEncoding = 4; lastKnownFileType = sourcecode.swift; path = InventoryEditController.swift; sourceTree = "<group>"; };
		F332EF1F1EF16C360040714C /* InventoryTableViewCell.swift */ = {isa = PBXFileReference; fileEncoding = 4; lastKnownFileType = sourcecode.swift; path = InventoryTableViewCell.swift; sourceTree = "<group>"; };
		F33E087E1EFA851000CAF516 /* SettingsViewController.swift */ = {isa = PBXFileReference; fileEncoding = 4; lastKnownFileType = sourcecode.swift; path = SettingsViewController.swift; sourceTree = "<group>"; };
		F340908A1ED5FB7D00548661 /* DrugPlanner.app */ = {isa = PBXFileReference; explicitFileType = wrapper.application; includeInIndex = 0; path = DrugPlanner.app; sourceTree = BUILT_PRODUCTS_DIR; };
		F340908D1ED5FB7D00548661 /* AppDelegate.swift */ = {isa = PBXFileReference; lastKnownFileType = sourcecode.swift; path = AppDelegate.swift; sourceTree = "<group>"; };
		F34090941ED5FB7D00548661 /* Assets.xcassets */ = {isa = PBXFileReference; lastKnownFileType = folder.assetcatalog; path = Assets.xcassets; sourceTree = "<group>"; };
		F34090991ED5FB7D00548661 /* Info.plist */ = {isa = PBXFileReference; lastKnownFileType = text.plist.xml; path = Info.plist; sourceTree = "<group>"; };
		F340909E1ED5FB7D00548661 /* DrugPlannerTests.xctest */ = {isa = PBXFileReference; explicitFileType = wrapper.cfbundle; includeInIndex = 0; path = DrugPlannerTests.xctest; sourceTree = BUILT_PRODUCTS_DIR; };
		F34090A41ED5FB7D00548661 /* Info.plist */ = {isa = PBXFileReference; lastKnownFileType = text.plist.xml; path = Info.plist; sourceTree = "<group>"; };
		F34090A91ED5FB7D00548661 /* DrugPlannerUITests.xctest */ = {isa = PBXFileReference; explicitFileType = wrapper.cfbundle; includeInIndex = 0; path = DrugPlannerUITests.xctest; sourceTree = BUILT_PRODUCTS_DIR; };
		F34090AF1ED5FB7D00548661 /* Info.plist */ = {isa = PBXFileReference; lastKnownFileType = text.plist.xml; path = Info.plist; sourceTree = "<group>"; };
/* End PBXFileReference section */

/* Begin PBXFrameworksBuildPhase section */
		F34090871ED5FB7D00548661 /* Frameworks */ = {
			isa = PBXFrameworksBuildPhase;
			buildActionMask = 2147483647;
			files = (
				7F73776B4E178FA0C07D1C7D /* Pods_DrugPlanner.framework in Frameworks */,
			);
			runOnlyForDeploymentPostprocessing = 0;
		};
		F340909B1ED5FB7D00548661 /* Frameworks */ = {
			isa = PBXFrameworksBuildPhase;
			buildActionMask = 2147483647;
			files = (
				E7F5438527B59468692A44BD /* Pods_DrugPlannerTests.framework in Frameworks */,
			);
			runOnlyForDeploymentPostprocessing = 0;
		};
		F34090A61ED5FB7D00548661 /* Frameworks */ = {
			isa = PBXFrameworksBuildPhase;
			buildActionMask = 2147483647;
			files = (
				6742310372BA213BDD780B2B /* Pods_DrugPlannerUITests.framework in Frameworks */,
			);
			runOnlyForDeploymentPostprocessing = 0;
		};
/* End PBXFrameworksBuildPhase section */

/* Begin PBXGroup section */
		217316C84298D661F896A246 /* Pods */ = {
			isa = PBXGroup;
			children = (
				3C9A457204B3CD450D32B3B6 /* Pods-DrugPlanner.debug.xcconfig */,
				C6DBAEFE5AAB9A0B959F4BFB /* Pods-DrugPlanner.release.xcconfig */,
				0B68DA9E6BCE96DC5AF3AD15 /* Pods-DrugPlannerTests.debug.xcconfig */,
				0086F8ADEB7C6C616D1C4FDA /* Pods-DrugPlannerTests.release.xcconfig */,
				D0F67A4B79DBDC7A78589EF6 /* Pods-DrugPlannerUITests.debug.xcconfig */,
				2A4DD3D20A90B65201C53441 /* Pods-DrugPlannerUITests.release.xcconfig */,
			);
			name = Pods;
			sourceTree = "<group>";
		};
		3F1CD9E0B8C6771E85AC0C7A /* Frameworks */ = {
			isa = PBXGroup;
			children = (
				6239CF361B80DB6CA7CCE126 /* Pods_DrugPlanner.framework */,
				9EBD4FD25B3CA40A5D1551B1 /* Pods_DrugPlannerTests.framework */,
				B39F3B70FE7DDC2C0F299B1F /* Pods_DrugPlannerUITests.framework */,
			);
			name = Frameworks;
			sourceTree = "<group>";
		};
		8483157F1F212F30001D7E9F /* User Notifications */ = {
			isa = PBXGroup;
			children = (
				848315801F212F5A001D7E9F /* UserNotifications.swift */,
			);
			name = "User Notifications";
			sourceTree = "<group>";
		};
		84B9E4B41EE7FF340070BB7D /* Agenda Views */ = {
			isa = PBXGroup;
			children = (
				84B9E4AC1EE7FBC80070BB7D /* AgendaViewController.swift */,
				84B9E4B71EE7FFDA0070BB7D /* AgendaTableViewCell.swift */,
				84D60AFB1F0CE34200D9D3F1 /* CreateAgendaItemTableViewController.swift */,
				84DE1F391F162B3E00948878 /* ChooseDays.swift */,
				84A3AE771F162E8C0098D918 /* ChooseDrugTableViewController.swift */,
			);
			name = "Agenda Views";
			sourceTree = "<group>";
		};
		84B9E4B51EE7FF580070BB7D /* Inventory Views */ = {
			isa = PBXGroup;
			children = (
				84B9E4B01EE7FC5D0070BB7D /* InventoryViewController.swift */,
				F332EF1F1EF16C360040714C /* InventoryTableViewCell.swift */,
				F04907C11EF9084F001852D0 /* CreateInventoryItemTableViewController.swift */,
				F04907C91EFA6F2F001852D0 /* ChooseTypeTableViewController.swift */,
				F001E4491F03C980005DACF4 /* InventoryDetailTableViewController.swift */,
				F321162B1F1B76D40052414A /* InventoryEditController.swift */,
				F0CC68631F21160100AF2BF4 /* DetailPhotoViewController.swift */,
			);
			name = "Inventory Views";
			sourceTree = "<group>";
		};
		84B9E4B61EE7FF6E0070BB7D /* History Views */ = {
			isa = PBXGroup;
			children = (
				84B9E4B21EE7FC880070BB7D /* HistoryViewController.swift */,
				F04907BD1EF8F6D5001852D0 /* HistoryHeaderTableViewCell.swift */,
				F04907BF1EF8F6ED001852D0 /* HistoryContentTableViewCell.swift */,
			);
			name = "History Views";
			sourceTree = "<group>";
		};
		84F63A6B1F176876004F4C09 /* Database Functions */ = {
			isa = PBXGroup;
			children = (
				F04907C31EF90949001852D0 /* InventoryItem.swift */,
				84A0D46D1F1640ED00572F43 /* AgendaItem.swift */,
				84E4291D1F21EBF30096E665 /* EventItem.swift */,
				84F63A6C1F1768CA004F4C09 /* Repository.swift */,
				84F63A711F177BC2004F4C09 /* User.swift */,
				843023201F18057500BC9EED /* Inventory.swift */,
				844DAACD1F19616D008CC4EF /* DateExtension.swift */,
				849F65EB1F1B7C07005E150D /* Agenda.swift */,
				843D8E881F1E7E5F00EDE32F /* AgendaInventoryListener.swift */,
				84E4291B1F21E9CD0096E665 /* Events.swift */,
			);
			name = "Database Functions";
			sourceTree = "<group>";
		};
		84F63A6E1F17706C004F4C09 /* Static Strings */ = {
			isa = PBXGroup;
			children = (
				84F63A6F1F17709B004F4C09 /* LoginStrings.swift */,
				849F65E91F1AD3F0005E150D /* InventoryStrings.swift */,
				849F65ED1F1B8627005E150D /* AgendaStrings.swift */,
				848315821F212FC4001D7E9F /* NotificationStrings.swift */,
			);
			name = "Static Strings";
			sourceTree = "<group>";
		};
		F31674A01EE98BFA00355FFD /* Login View */ = {
			isa = PBXGroup;
			children = (
				F31674A31EE98C4100355FFD /* LoginViewController.swift */,
				F31674A91EEBEA1E00355FFD /* RegisterViewController.swift */,
			);
			name = "Login View";
			sourceTree = "<group>";
		};
		F33E087D1EFA84E500CAF516 /* Settings View */ = {
			isa = PBXGroup;
			children = (
				F33E087E1EFA851000CAF516 /* SettingsViewController.swift */,
			);
			name = "Settings View";
			sourceTree = "<group>";
		};
		F34090811ED5FB7D00548661 = {
			isa = PBXGroup;
			children = (
				F316749E1EE7FBF800355FFD /* .gitignore */,
				F340908C1ED5FB7D00548661 /* DrugPlanner */,
				F34090A11ED5FB7D00548661 /* DrugPlannerTests */,
				F34090AC1ED5FB7D00548661 /* DrugPlannerUITests */,
				F340908B1ED5FB7D00548661 /* Products */,
				217316C84298D661F896A246 /* Pods */,
				3F1CD9E0B8C6771E85AC0C7A /* Frameworks */,
			);
			sourceTree = "<group>";
		};
		F340908B1ED5FB7D00548661 /* Products */ = {
			isa = PBXGroup;
			children = (
				F340908A1ED5FB7D00548661 /* DrugPlanner.app */,
				F340909E1ED5FB7D00548661 /* DrugPlannerTests.xctest */,
				F34090A91ED5FB7D00548661 /* DrugPlannerUITests.xctest */,
			);
			name = Products;
			sourceTree = "<group>";
		};
		F340908C1ED5FB7D00548661 /* DrugPlanner */ = {
			isa = PBXGroup;
			children = (
				8483157F1F212F30001D7E9F /* User Notifications */,
				84F63A6E1F17706C004F4C09 /* Static Strings */,
				84F63A6B1F176876004F4C09 /* Database Functions */,
				F33E087D1EFA84E500CAF516 /* Settings View */,
				F31674A01EE98BFA00355FFD /* Login View */,
				84B9E4B61EE7FF6E0070BB7D /* History Views */,
				84B9E4B51EE7FF580070BB7D /* Inventory Views */,
				84B9E4B41EE7FF340070BB7D /* Agenda Views */,
				F340908D1ED5FB7D00548661 /* AppDelegate.swift */,
				849D02711ED6430F0093CA15 /* Main.storyboard */,
				F34090941ED5FB7D00548661 /* Assets.xcassets */,
				F34090991ED5FB7D00548661 /* Info.plist */,
				84B9E4A81EDED3940070BB7D /* GoogleService-Info.plist */,
				84B9E4AE1EE7FC280070BB7D /* MainViewController.swift */,
				F31674A51EE98C9400355FFD /* Login.storyboard */,
			);
			path = DrugPlanner;
			sourceTree = "<group>";
		};
		F34090A11ED5FB7D00548661 /* DrugPlannerTests */ = {
			isa = PBXGroup;
			children = (
				F34090A41ED5FB7D00548661 /* Info.plist */,
			);
			path = DrugPlannerTests;
			sourceTree = "<group>";
		};
		F34090AC1ED5FB7D00548661 /* DrugPlannerUITests */ = {
			isa = PBXGroup;
			children = (
				F34090AF1ED5FB7D00548661 /* Info.plist */,
			);
			path = DrugPlannerUITests;
			sourceTree = "<group>";
		};
/* End PBXGroup section */

/* Begin PBXNativeTarget section */
		F34090891ED5FB7D00548661 /* DrugPlanner */ = {
			isa = PBXNativeTarget;
			buildConfigurationList = F34090B21ED5FB7D00548661 /* Build configuration list for PBXNativeTarget "DrugPlanner" */;
			buildPhases = (
				7E23EC2F67407D62A0B5F7A7 /* [CP] Check Pods Manifest.lock */,
				F34090861ED5FB7D00548661 /* Sources */,
				F34090871ED5FB7D00548661 /* Frameworks */,
				F34090881ED5FB7D00548661 /* Resources */,
				9B87A52D421CD3CC7D1DEF2A /* [CP] Embed Pods Frameworks */,
				33A68528C2CA27510A9282C9 /* [CP] Copy Pods Resources */,
			);
			buildRules = (
			);
			dependencies = (
			);
			name = DrugPlanner;
			productName = DrugPlanner;
			productReference = F340908A1ED5FB7D00548661 /* DrugPlanner.app */;
			productType = "com.apple.product-type.application";
		};
		F340909D1ED5FB7D00548661 /* DrugPlannerTests */ = {
			isa = PBXNativeTarget;
			buildConfigurationList = F34090B51ED5FB7D00548661 /* Build configuration list for PBXNativeTarget "DrugPlannerTests" */;
			buildPhases = (
				98F61A7DFD4F6EF12F4B715E /* [CP] Check Pods Manifest.lock */,
				F340909A1ED5FB7D00548661 /* Sources */,
				F340909B1ED5FB7D00548661 /* Frameworks */,
				F340909C1ED5FB7D00548661 /* Resources */,
				62D6F942B463BDB48CD0DDF3 /* [CP] Embed Pods Frameworks */,
				F076FCD9EEBD24604C67312C /* [CP] Copy Pods Resources */,
			);
			buildRules = (
			);
			dependencies = (
				F34090A01ED5FB7D00548661 /* PBXTargetDependency */,
			);
			name = DrugPlannerTests;
			productName = DrugPlannerTests;
			productReference = F340909E1ED5FB7D00548661 /* DrugPlannerTests.xctest */;
			productType = "com.apple.product-type.bundle.unit-test";
		};
		F34090A81ED5FB7D00548661 /* DrugPlannerUITests */ = {
			isa = PBXNativeTarget;
			buildConfigurationList = F34090B81ED5FB7D00548661 /* Build configuration list for PBXNativeTarget "DrugPlannerUITests" */;
			buildPhases = (
				8D5CD4712308CF61815C76D6 /* [CP] Check Pods Manifest.lock */,
				F34090A51ED5FB7D00548661 /* Sources */,
				F34090A61ED5FB7D00548661 /* Frameworks */,
				F34090A71ED5FB7D00548661 /* Resources */,
				C347E72E46E665D715153358 /* [CP] Embed Pods Frameworks */,
				D82E22CE56E29519D792EFC3 /* [CP] Copy Pods Resources */,
			);
			buildRules = (
			);
			dependencies = (
				F34090AB1ED5FB7D00548661 /* PBXTargetDependency */,
			);
			name = DrugPlannerUITests;
			productName = DrugPlannerUITests;
			productReference = F34090A91ED5FB7D00548661 /* DrugPlannerUITests.xctest */;
			productType = "com.apple.product-type.bundle.ui-testing";
		};
/* End PBXNativeTarget section */

/* Begin PBXProject section */
		F34090821ED5FB7D00548661 /* Project object */ = {
			isa = PBXProject;
			attributes = {
				LastSwiftUpdateCheck = 0830;
				LastUpgradeCheck = 0830;
				ORGANIZATIONNAME = "Gruppe 9";
				TargetAttributes = {
					F34090891ED5FB7D00548661 = {
						CreatedOnToolsVersion = 8.3.2;
						DevelopmentTeam = 6P3H8CGW6L;
						ProvisioningStyle = Automatic;
					};
					F340909D1ED5FB7D00548661 = {
						CreatedOnToolsVersion = 8.3.2;
						ProvisioningStyle = Automatic;
						TestTargetID = F34090891ED5FB7D00548661;
					};
					F34090A81ED5FB7D00548661 = {
						CreatedOnToolsVersion = 8.3.2;
						ProvisioningStyle = Automatic;
						TestTargetID = F34090891ED5FB7D00548661;
					};
				};
			};
			buildConfigurationList = F34090851ED5FB7D00548661 /* Build configuration list for PBXProject "DrugPlanner" */;
			compatibilityVersion = "Xcode 3.2";
			developmentRegion = English;
			hasScannedForEncodings = 0;
			knownRegions = (
				en,
				Base,
			);
			mainGroup = F34090811ED5FB7D00548661;
			productRefGroup = F340908B1ED5FB7D00548661 /* Products */;
			projectDirPath = "";
			projectRoot = "";
			targets = (
				F34090891ED5FB7D00548661 /* DrugPlanner */,
				F340909D1ED5FB7D00548661 /* DrugPlannerTests */,
				F34090A81ED5FB7D00548661 /* DrugPlannerUITests */,
			);
		};
/* End PBXProject section */

/* Begin PBXResourcesBuildPhase section */
		F34090881ED5FB7D00548661 /* Resources */ = {
			isa = PBXResourcesBuildPhase;
			buildActionMask = 2147483647;
			files = (
				F316749F1EE7FBF800355FFD /* .gitignore in Resources */,
				F34090951ED5FB7D00548661 /* Assets.xcassets in Resources */,
				849D02721ED6430F0093CA15 /* Main.storyboard in Resources */,
				F31674A61EE98C9400355FFD /* Login.storyboard in Resources */,
				84B9E4A91EDED3940070BB7D /* GoogleService-Info.plist in Resources */,
			);
			runOnlyForDeploymentPostprocessing = 0;
		};
		F340909C1ED5FB7D00548661 /* Resources */ = {
			isa = PBXResourcesBuildPhase;
			buildActionMask = 2147483647;
			files = (
			);
			runOnlyForDeploymentPostprocessing = 0;
		};
		F34090A71ED5FB7D00548661 /* Resources */ = {
			isa = PBXResourcesBuildPhase;
			buildActionMask = 2147483647;
			files = (
			);
			runOnlyForDeploymentPostprocessing = 0;
		};
/* End PBXResourcesBuildPhase section */

/* Begin PBXShellScriptBuildPhase section */
		33A68528C2CA27510A9282C9 /* [CP] Copy Pods Resources */ = {
			isa = PBXShellScriptBuildPhase;
			buildActionMask = 2147483647;
			files = (
			);
			inputPaths = (
			);
			name = "[CP] Copy Pods Resources";
			outputPaths = (
			);
			runOnlyForDeploymentPostprocessing = 0;
			shellPath = /bin/sh;
			shellScript = "\"${SRCROOT}/Pods/Target Support Files/Pods-DrugPlanner/Pods-DrugPlanner-resources.sh\"\n";
			showEnvVarsInLog = 0;
		};
		62D6F942B463BDB48CD0DDF3 /* [CP] Embed Pods Frameworks */ = {
			isa = PBXShellScriptBuildPhase;
			buildActionMask = 2147483647;
			files = (
			);
			inputPaths = (
			);
			name = "[CP] Embed Pods Frameworks";
			outputPaths = (
			);
			runOnlyForDeploymentPostprocessing = 0;
			shellPath = /bin/sh;
			shellScript = "\"${SRCROOT}/Pods/Target Support Files/Pods-DrugPlannerTests/Pods-DrugPlannerTests-frameworks.sh\"\n";
			showEnvVarsInLog = 0;
		};
		7E23EC2F67407D62A0B5F7A7 /* [CP] Check Pods Manifest.lock */ = {
			isa = PBXShellScriptBuildPhase;
			buildActionMask = 2147483647;
			files = (
			);
			inputPaths = (
			);
			name = "[CP] Check Pods Manifest.lock";
			outputPaths = (
			);
			runOnlyForDeploymentPostprocessing = 0;
			shellPath = /bin/sh;
			shellScript = "diff \"${PODS_PODFILE_DIR_PATH}/Podfile.lock\" \"${PODS_ROOT}/Manifest.lock\" > /dev/null\nif [ $? != 0 ] ; then\n    # print error to STDERR\n    echo \"error: The sandbox is not in sync with the Podfile.lock. Run 'pod install' or update your CocoaPods installation.\" >&2\n    exit 1\nfi\n";
			showEnvVarsInLog = 0;
		};
		8D5CD4712308CF61815C76D6 /* [CP] Check Pods Manifest.lock */ = {
			isa = PBXShellScriptBuildPhase;
			buildActionMask = 2147483647;
			files = (
			);
			inputPaths = (
			);
			name = "[CP] Check Pods Manifest.lock";
			outputPaths = (
			);
			runOnlyForDeploymentPostprocessing = 0;
			shellPath = /bin/sh;
			shellScript = "diff \"${PODS_PODFILE_DIR_PATH}/Podfile.lock\" \"${PODS_ROOT}/Manifest.lock\" > /dev/null\nif [ $? != 0 ] ; then\n    # print error to STDERR\n    echo \"error: The sandbox is not in sync with the Podfile.lock. Run 'pod install' or update your CocoaPods installation.\" >&2\n    exit 1\nfi\n";
			showEnvVarsInLog = 0;
		};
		98F61A7DFD4F6EF12F4B715E /* [CP] Check Pods Manifest.lock */ = {
			isa = PBXShellScriptBuildPhase;
			buildActionMask = 2147483647;
			files = (
			);
			inputPaths = (
			);
			name = "[CP] Check Pods Manifest.lock";
			outputPaths = (
			);
			runOnlyForDeploymentPostprocessing = 0;
			shellPath = /bin/sh;
			shellScript = "diff \"${PODS_PODFILE_DIR_PATH}/Podfile.lock\" \"${PODS_ROOT}/Manifest.lock\" > /dev/null\nif [ $? != 0 ] ; then\n    # print error to STDERR\n    echo \"error: The sandbox is not in sync with the Podfile.lock. Run 'pod install' or update your CocoaPods installation.\" >&2\n    exit 1\nfi\n";
			showEnvVarsInLog = 0;
		};
		9B87A52D421CD3CC7D1DEF2A /* [CP] Embed Pods Frameworks */ = {
			isa = PBXShellScriptBuildPhase;
			buildActionMask = 2147483647;
			files = (
			);
			inputPaths = (
			);
			name = "[CP] Embed Pods Frameworks";
			outputPaths = (
			);
			runOnlyForDeploymentPostprocessing = 0;
			shellPath = /bin/sh;
			shellScript = "\"${SRCROOT}/Pods/Target Support Files/Pods-DrugPlanner/Pods-DrugPlanner-frameworks.sh\"\n";
			showEnvVarsInLog = 0;
		};
		C347E72E46E665D715153358 /* [CP] Embed Pods Frameworks */ = {
			isa = PBXShellScriptBuildPhase;
			buildActionMask = 2147483647;
			files = (
			);
			inputPaths = (
			);
			name = "[CP] Embed Pods Frameworks";
			outputPaths = (
			);
			runOnlyForDeploymentPostprocessing = 0;
			shellPath = /bin/sh;
			shellScript = "\"${SRCROOT}/Pods/Target Support Files/Pods-DrugPlannerUITests/Pods-DrugPlannerUITests-frameworks.sh\"\n";
			showEnvVarsInLog = 0;
		};
		D82E22CE56E29519D792EFC3 /* [CP] Copy Pods Resources */ = {
			isa = PBXShellScriptBuildPhase;
			buildActionMask = 2147483647;
			files = (
			);
			inputPaths = (
			);
			name = "[CP] Copy Pods Resources";
			outputPaths = (
			);
			runOnlyForDeploymentPostprocessing = 0;
			shellPath = /bin/sh;
			shellScript = "\"${SRCROOT}/Pods/Target Support Files/Pods-DrugPlannerUITests/Pods-DrugPlannerUITests-resources.sh\"\n";
			showEnvVarsInLog = 0;
		};
		F076FCD9EEBD24604C67312C /* [CP] Copy Pods Resources */ = {
			isa = PBXShellScriptBuildPhase;
			buildActionMask = 2147483647;
			files = (
			);
			inputPaths = (
			);
			name = "[CP] Copy Pods Resources";
			outputPaths = (
			);
			runOnlyForDeploymentPostprocessing = 0;
			shellPath = /bin/sh;
			shellScript = "\"${SRCROOT}/Pods/Target Support Files/Pods-DrugPlannerTests/Pods-DrugPlannerTests-resources.sh\"\n";
			showEnvVarsInLog = 0;
		};
/* End PBXShellScriptBuildPhase section */

/* Begin PBXSourcesBuildPhase section */
		F34090861ED5FB7D00548661 /* Sources */ = {
			isa = PBXSourcesBuildPhase;
			buildActionMask = 2147483647;
			files = (
				844DAACE1F19616D008CC4EF /* DateExtension.swift in Sources */,
				849F65EC1F1B7C07005E150D /* Agenda.swift in Sources */,
				843023211F18057500BC9EED /* Inventory.swift in Sources */,
				F321162C1F1B76D40052414A /* InventoryEditController.swift in Sources */,
				F04907CA1EFA6F2F001852D0 /* ChooseTypeTableViewController.swift in Sources */,
				848315831F212FC4001D7E9F /* NotificationStrings.swift in Sources */,
				F31674A41EE98C4100355FFD /* LoginViewController.swift in Sources */,
				843D8E891F1E7E5F00EDE32F /* AgendaInventoryListener.swift in Sources */,
				F332EF201EF16C360040714C /* InventoryTableViewCell.swift in Sources */,
				84D60AFC1F0CE34200D9D3F1 /* CreateAgendaItemTableViewController.swift in Sources */,
				F04907BE1EF8F6D5001852D0 /* HistoryHeaderTableViewCell.swift in Sources */,
				F04907C21EF9084F001852D0 /* CreateInventoryItemTableViewController.swift in Sources */,
				84E4291C1F21E9CD0096E665 /* Events.swift in Sources */,
				84B9E4AF1EE7FC280070BB7D /* MainViewController.swift in Sources */,
				84B9E4B81EE7FFDA0070BB7D /* AgendaTableViewCell.swift in Sources */,
				F31674AA1EEBEA1E00355FFD /* RegisterViewController.swift in Sources */,
				849F65EA1F1AD3F0005E150D /* InventoryStrings.swift in Sources */,
				F33E087F1EFA851000CAF516 /* SettingsViewController.swift in Sources */,
				848315811F212F5A001D7E9F /* UserNotifications.swift in Sources */,
				84A3AE781F162E8C0098D918 /* ChooseDrugTableViewController.swift in Sources */,
				F04907C01EF8F6ED001852D0 /* HistoryContentTableViewCell.swift in Sources */,
				84F63A721F177BC2004F4C09 /* User.swift in Sources */,
				84DE1F3A1F162B3E00948878 /* ChooseDays.swift in Sources */,
				84B9E4B11EE7FC5D0070BB7D /* InventoryViewController.swift in Sources */,
				84F63A6D1F1768CA004F4C09 /* Repository.swift in Sources */,
				849F65EE1F1B8627005E150D /* AgendaStrings.swift in Sources */,
				84A0D46E1F1640ED00572F43 /* AgendaItem.swift in Sources */,
				84F63A701F17709B004F4C09 /* LoginStrings.swift in Sources */,
				F001E44A1F03C980005DACF4 /* InventoryDetailTableViewController.swift in Sources */,
				F340908E1ED5FB7D00548661 /* AppDelegate.swift in Sources */,
				F04907C41EF90949001852D0 /* InventoryItem.swift in Sources */,
				84B9E4B31EE7FC880070BB7D /* HistoryViewController.swift in Sources */,
				F0CC68641F21160100AF2BF4 /* DetailPhotoViewController.swift in Sources */,
				84B9E4AD1EE7FBC80070BB7D /* AgendaViewController.swift in Sources */,
				84E4291E1F21EBF30096E665 /* EventItem.swift in Sources */,
			);
			runOnlyForDeploymentPostprocessing = 0;
		};
		F340909A1ED5FB7D00548661 /* Sources */ = {
			isa = PBXSourcesBuildPhase;
			buildActionMask = 2147483647;
			files = (
			);
			runOnlyForDeploymentPostprocessing = 0;
		};
		F34090A51ED5FB7D00548661 /* Sources */ = {
			isa = PBXSourcesBuildPhase;
			buildActionMask = 2147483647;
			files = (
			);
			runOnlyForDeploymentPostprocessing = 0;
		};
/* End PBXSourcesBuildPhase section */

/* Begin PBXTargetDependency section */
		F34090A01ED5FB7D00548661 /* PBXTargetDependency */ = {
			isa = PBXTargetDependency;
			target = F34090891ED5FB7D00548661 /* DrugPlanner */;
			targetProxy = F340909F1ED5FB7D00548661 /* PBXContainerItemProxy */;
		};
		F34090AB1ED5FB7D00548661 /* PBXTargetDependency */ = {
			isa = PBXTargetDependency;
			target = F34090891ED5FB7D00548661 /* DrugPlanner */;
			targetProxy = F34090AA1ED5FB7D00548661 /* PBXContainerItemProxy */;
		};
/* End PBXTargetDependency section */

/* Begin XCBuildConfiguration section */
		F34090B01ED5FB7D00548661 /* Debug */ = {
			isa = XCBuildConfiguration;
			buildSettings = {
				ALWAYS_SEARCH_USER_PATHS = NO;
				CLANG_ANALYZER_NONNULL = YES;
				CLANG_ANALYZER_NUMBER_OBJECT_CONVERSION = YES_AGGRESSIVE;
				CLANG_CXX_LANGUAGE_STANDARD = "gnu++0x";
				CLANG_CXX_LIBRARY = "libc++";
				CLANG_ENABLE_MODULES = YES;
				CLANG_ENABLE_OBJC_ARC = YES;
				CLANG_WARN_BOOL_CONVERSION = YES;
				CLANG_WARN_CONSTANT_CONVERSION = YES;
				CLANG_WARN_DIRECT_OBJC_ISA_USAGE = YES_ERROR;
				CLANG_WARN_DOCUMENTATION_COMMENTS = YES;
				CLANG_WARN_EMPTY_BODY = YES;
				CLANG_WARN_ENUM_CONVERSION = YES;
				CLANG_WARN_INFINITE_RECURSION = YES;
				CLANG_WARN_INT_CONVERSION = YES;
				CLANG_WARN_OBJC_ROOT_CLASS = YES_ERROR;
				CLANG_WARN_SUSPICIOUS_MOVE = YES;
				CLANG_WARN_UNREACHABLE_CODE = YES;
				CLANG_WARN__DUPLICATE_METHOD_MATCH = YES;
				"CODE_SIGN_IDENTITY[sdk=iphoneos*]" = "iPhone Developer";
				COPY_PHASE_STRIP = NO;
				DEBUG_INFORMATION_FORMAT = dwarf;
				ENABLE_STRICT_OBJC_MSGSEND = YES;
				ENABLE_TESTABILITY = YES;
				GCC_C_LANGUAGE_STANDARD = gnu99;
				GCC_DYNAMIC_NO_PIC = NO;
				GCC_NO_COMMON_BLOCKS = YES;
				GCC_OPTIMIZATION_LEVEL = 0;
				GCC_PREPROCESSOR_DEFINITIONS = (
					"DEBUG=1",
					"$(inherited)",
				);
				GCC_WARN_64_TO_32_BIT_CONVERSION = YES;
				GCC_WARN_ABOUT_RETURN_TYPE = YES_ERROR;
				GCC_WARN_UNDECLARED_SELECTOR = YES;
				GCC_WARN_UNINITIALIZED_AUTOS = YES_AGGRESSIVE;
				GCC_WARN_UNUSED_FUNCTION = YES;
				GCC_WARN_UNUSED_VARIABLE = YES;
				IPHONEOS_DEPLOYMENT_TARGET = 10.3;
				MTL_ENABLE_DEBUG_INFO = YES;
				ONLY_ACTIVE_ARCH = YES;
				SDKROOT = iphoneos;
				SWIFT_ACTIVE_COMPILATION_CONDITIONS = DEBUG;
				SWIFT_OPTIMIZATION_LEVEL = "-Onone";
				TARGETED_DEVICE_FAMILY = "1,2";
			};
			name = Debug;
		};
		F34090B11ED5FB7D00548661 /* Release */ = {
			isa = XCBuildConfiguration;
			buildSettings = {
				ALWAYS_SEARCH_USER_PATHS = NO;
				CLANG_ANALYZER_NONNULL = YES;
				CLANG_ANALYZER_NUMBER_OBJECT_CONVERSION = YES_AGGRESSIVE;
				CLANG_CXX_LANGUAGE_STANDARD = "gnu++0x";
				CLANG_CXX_LIBRARY = "libc++";
				CLANG_ENABLE_MODULES = YES;
				CLANG_ENABLE_OBJC_ARC = YES;
				CLANG_WARN_BOOL_CONVERSION = YES;
				CLANG_WARN_CONSTANT_CONVERSION = YES;
				CLANG_WARN_DIRECT_OBJC_ISA_USAGE = YES_ERROR;
				CLANG_WARN_DOCUMENTATION_COMMENTS = YES;
				CLANG_WARN_EMPTY_BODY = YES;
				CLANG_WARN_ENUM_CONVERSION = YES;
				CLANG_WARN_INFINITE_RECURSION = YES;
				CLANG_WARN_INT_CONVERSION = YES;
				CLANG_WARN_OBJC_ROOT_CLASS = YES_ERROR;
				CLANG_WARN_SUSPICIOUS_MOVE = YES;
				CLANG_WARN_UNREACHABLE_CODE = YES;
				CLANG_WARN__DUPLICATE_METHOD_MATCH = YES;
				"CODE_SIGN_IDENTITY[sdk=iphoneos*]" = "iPhone Developer";
				COPY_PHASE_STRIP = NO;
				DEBUG_INFORMATION_FORMAT = "dwarf-with-dsym";
				ENABLE_NS_ASSERTIONS = NO;
				ENABLE_STRICT_OBJC_MSGSEND = YES;
				GCC_C_LANGUAGE_STANDARD = gnu99;
				GCC_NO_COMMON_BLOCKS = YES;
				GCC_WARN_64_TO_32_BIT_CONVERSION = YES;
				GCC_WARN_ABOUT_RETURN_TYPE = YES_ERROR;
				GCC_WARN_UNDECLARED_SELECTOR = YES;
				GCC_WARN_UNINITIALIZED_AUTOS = YES_AGGRESSIVE;
				GCC_WARN_UNUSED_FUNCTION = YES;
				GCC_WARN_UNUSED_VARIABLE = YES;
				IPHONEOS_DEPLOYMENT_TARGET = 10.3;
				MTL_ENABLE_DEBUG_INFO = NO;
				SDKROOT = iphoneos;
				SWIFT_OPTIMIZATION_LEVEL = "-Owholemodule";
				TARGETED_DEVICE_FAMILY = "1,2";
				VALIDATE_PRODUCT = YES;
			};
			name = Release;
		};
		F34090B31ED5FB7D00548661 /* Debug */ = {
			isa = XCBuildConfiguration;
			baseConfigurationReference = 3C9A457204B3CD450D32B3B6 /* Pods-DrugPlanner.debug.xcconfig */;
			buildSettings = {
				ASSETCATALOG_COMPILER_APPICON_NAME = AppIcon;
				DEVELOPMENT_TEAM = 6P3H8CGW6L;
				INFOPLIST_FILE = DrugPlanner/Info.plist;
				IPHONEOS_DEPLOYMENT_TARGET = 10.1;
				LD_RUNPATH_SEARCH_PATHS = "$(inherited) @executable_path/Frameworks";
				PRODUCT_BUNDLE_IDENTIFIER = com.example.DrugPlanner;
				PRODUCT_NAME = "$(TARGET_NAME)";
				SWIFT_VERSION = 3.0;
			};
			name = Debug;
		};
		F34090B41ED5FB7D00548661 /* Release */ = {
			isa = XCBuildConfiguration;
			baseConfigurationReference = C6DBAEFE5AAB9A0B959F4BFB /* Pods-DrugPlanner.release.xcconfig */;
			buildSettings = {
				ASSETCATALOG_COMPILER_APPICON_NAME = AppIcon;
				DEVELOPMENT_TEAM = 6P3H8CGW6L;
				INFOPLIST_FILE = DrugPlanner/Info.plist;
				IPHONEOS_DEPLOYMENT_TARGET = 10.1;
				LD_RUNPATH_SEARCH_PATHS = "$(inherited) @executable_path/Frameworks";
				PRODUCT_BUNDLE_IDENTIFIER = com.example.DrugPlanner;
				PRODUCT_NAME = "$(TARGET_NAME)";
				SWIFT_VERSION = 3.0;
			};
			name = Release;
		};
		F34090B61ED5FB7D00548661 /* Debug */ = {
			isa = XCBuildConfiguration;
			baseConfigurationReference = 0B68DA9E6BCE96DC5AF3AD15 /* Pods-DrugPlannerTests.debug.xcconfig */;
			buildSettings = {
				ALWAYS_EMBED_SWIFT_STANDARD_LIBRARIES = YES;
				BUNDLE_LOADER = "$(TEST_HOST)";
				INFOPLIST_FILE = DrugPlannerTests/Info.plist;
				IPHONEOS_DEPLOYMENT_TARGET = 10.1;
				LD_RUNPATH_SEARCH_PATHS = "$(inherited) @executable_path/Frameworks @loader_path/Frameworks";
				PRODUCT_BUNDLE_IDENTIFIER = com.example.DrugPlannerTests;
				PRODUCT_NAME = "$(TARGET_NAME)";
				SWIFT_VERSION = 3.0;
				TEST_HOST = "$(BUILT_PRODUCTS_DIR)/DrugPlanner.app/DrugPlanner";
			};
			name = Debug;
		};
		F34090B71ED5FB7D00548661 /* Release */ = {
			isa = XCBuildConfiguration;
			baseConfigurationReference = 0086F8ADEB7C6C616D1C4FDA /* Pods-DrugPlannerTests.release.xcconfig */;
			buildSettings = {
				ALWAYS_EMBED_SWIFT_STANDARD_LIBRARIES = YES;
				BUNDLE_LOADER = "$(TEST_HOST)";
				INFOPLIST_FILE = DrugPlannerTests/Info.plist;
				IPHONEOS_DEPLOYMENT_TARGET = 10.1;
				LD_RUNPATH_SEARCH_PATHS = "$(inherited) @executable_path/Frameworks @loader_path/Frameworks";
				PRODUCT_BUNDLE_IDENTIFIER = com.example.DrugPlannerTests;
				PRODUCT_NAME = "$(TARGET_NAME)";
				SWIFT_VERSION = 3.0;
				TEST_HOST = "$(BUILT_PRODUCTS_DIR)/DrugPlanner.app/DrugPlanner";
			};
			name = Release;
		};
		F34090B91ED5FB7D00548661 /* Debug */ = {
			isa = XCBuildConfiguration;
			baseConfigurationReference = D0F67A4B79DBDC7A78589EF6 /* Pods-DrugPlannerUITests.debug.xcconfig */;
			buildSettings = {
				ALWAYS_EMBED_SWIFT_STANDARD_LIBRARIES = YES;
				INFOPLIST_FILE = DrugPlannerUITests/Info.plist;
				IPHONEOS_DEPLOYMENT_TARGET = 10.1;
				LD_RUNPATH_SEARCH_PATHS = "$(inherited) @executable_path/Frameworks @loader_path/Frameworks";
				PRODUCT_BUNDLE_IDENTIFIER = com.example.DrugPlannerUITests;
				PRODUCT_NAME = "$(TARGET_NAME)";
				SWIFT_VERSION = 3.0;
				TEST_TARGET_NAME = DrugPlanner;
			};
			name = Debug;
		};
		F34090BA1ED5FB7D00548661 /* Release */ = {
			isa = XCBuildConfiguration;
			baseConfigurationReference = 2A4DD3D20A90B65201C53441 /* Pods-DrugPlannerUITests.release.xcconfig */;
			buildSettings = {
				ALWAYS_EMBED_SWIFT_STANDARD_LIBRARIES = YES;
				INFOPLIST_FILE = DrugPlannerUITests/Info.plist;
				IPHONEOS_DEPLOYMENT_TARGET = 10.1;
				LD_RUNPATH_SEARCH_PATHS = "$(inherited) @executable_path/Frameworks @loader_path/Frameworks";
				PRODUCT_BUNDLE_IDENTIFIER = com.example.DrugPlannerUITests;
				PRODUCT_NAME = "$(TARGET_NAME)";
				SWIFT_VERSION = 3.0;
				TEST_TARGET_NAME = DrugPlanner;
			};
			name = Release;
		};
/* End XCBuildConfiguration section */

/* Begin XCConfigurationList section */
		F34090851ED5FB7D00548661 /* Build configuration list for PBXProject "DrugPlanner" */ = {
			isa = XCConfigurationList;
			buildConfigurations = (
				F34090B01ED5FB7D00548661 /* Debug */,
				F34090B11ED5FB7D00548661 /* Release */,
			);
			defaultConfigurationIsVisible = 0;
			defaultConfigurationName = Release;
		};
		F34090B21ED5FB7D00548661 /* Build configuration list for PBXNativeTarget "DrugPlanner" */ = {
			isa = XCConfigurationList;
			buildConfigurations = (
				F34090B31ED5FB7D00548661 /* Debug */,
				F34090B41ED5FB7D00548661 /* Release */,
			);
			defaultConfigurationIsVisible = 0;
			defaultConfigurationName = Release;
		};
		F34090B51ED5FB7D00548661 /* Build configuration list for PBXNativeTarget "DrugPlannerTests" */ = {
			isa = XCConfigurationList;
			buildConfigurations = (
				F34090B61ED5FB7D00548661 /* Debug */,
				F34090B71ED5FB7D00548661 /* Release */,
			);
			defaultConfigurationIsVisible = 0;
			defaultConfigurationName = Release;
		};
		F34090B81ED5FB7D00548661 /* Build configuration list for PBXNativeTarget "DrugPlannerUITests" */ = {
			isa = XCConfigurationList;
			buildConfigurations = (
				F34090B91ED5FB7D00548661 /* Debug */,
				F34090BA1ED5FB7D00548661 /* Release */,
			);
			defaultConfigurationIsVisible = 0;
			defaultConfigurationName = Release;
		};
/* End XCConfigurationList section */
	};
	rootObject = F34090821ED5FB7D00548661 /* Project object */;
}
